
Microsoft Visual Studio Solution File, Format Version 12.00
# Visual Studio Version 17
VisualStudioVersion = 17.6.33417.168
MinimumVisualStudioVersion = 10.0.40219.1
Project("{2150E333-8FDC-42A3-9474-1A3956D46DE8}") = "dapr", "dapr", "{D5BEF3D3-3BA4-4C3D-B231-50AA66154E85}"
EndProject
Project("{2150E333-8FDC-42A3-9474-1A3956D46DE8}") = "mosquitto", "mosquitto", "{0A4ED591-9D44-48BC-830A-DF624ADE4CB5}"
	ProjectSection(SolutionItems) = preProject
		mosquitto\Dockerfile = mosquitto\Dockerfile
		mosquitto\mosquitto.conf = mosquitto\mosquitto.conf
	EndProjectSection
EndProject
Project("{9A19103F-16F7-4668-BE54-9A1E7A4F7556}") = "TrafficSimulationServiceConsole", "TrafficSimulationServiceConsole\TrafficSimulationServiceConsole.csproj", "{D95B1233-33BF-4E72-BBE8-2CAF91C0EBE1}"
EndProject
Project("{9A19103F-16F7-4668-BE54-9A1E7A4F7556}") = "TrafficControlService", "TrafficControlService\TrafficControlService.csproj", "{287E3C41-1F88-4A24-B6D6-DA932DE182A5}"
EndProject
Project("{2150E333-8FDC-42A3-9474-1A3956D46DE8}") = "Solution Items", "Solution Items", "{F9BFF054-0760-4E85-B5EE-C92BDB6CEF8F}"
	ProjectSection(SolutionItems) = preProject
		tye.yaml = tye.yaml
	EndProjectSection
EndProject
Project("{9A19103F-16F7-4668-BE54-9A1E7A4F7556}") = "FineCollectionService", "FineCollectionService\FineCollectionService.csproj", "{FC57AAAA-52AD-4B87-9C01-5C9EF1142553}"
EndProject
Project("{9A19103F-16F7-4668-BE54-9A1E7A4F7556}") = "VehicleRegistrationService", "VehicleRegistrationService\VehicleRegistrationService.csproj", "{8622D714-7213-4955-9C11-5BDFA11EFB47}"
EndProject
Project("{2150E333-8FDC-42A3-9474-1A3956D46DE8}") = "components", "components", "{F9681F6C-A3F3-4CAA-A2D0-4B88846F3005}"
	ProjectSection(SolutionItems) = preProject
		dapr\config\config.yaml = dapr\config\config.yaml
		dapr\components\email.yaml = dapr\components\email.yaml
		dapr\components\entrycam.yaml = dapr\components\entrycam.yaml
		dapr\components\exitcam.yaml = dapr\components\exitcam.yaml
		dapr\components\pubsub.yaml = dapr\components\pubsub.yaml
		dapr\config\ratelimit-config.yaml = dapr\config\ratelimit-config.yaml
		dapr\components\secrets-file.yaml = dapr\components\secrets-file.yaml
		dapr\components\secrets.json = dapr\components\secrets.json
		dapr\components\statestore.yaml = dapr\components\statestore.yaml
	EndProjectSection
EndProject
Project("{2150E333-8FDC-42A3-9474-1A3956D46DE8}") = "config", "config", "{73E3944C-AAA1-4FEB-A7FC-8816917BDEEA}"
	ProjectSection(SolutionItems) = preProject
		dapr\config\config.yaml = dapr\config\config.yaml
		dapr\config\ratelimit-config.yaml = dapr\config\ratelimit-config.yaml
	EndProjectSection
EndProject
Project("{9A19103F-16F7-4668-BE54-9A1E7A4F7556}") = "VisualSimulation", "VisualSimulation\VisualSimulation.csproj", "{A788D2DB-AB4B-4DA2-BA1C-6FDC886DFB8C}"
EndProject
Global
	GlobalSection(SolutionConfigurationPlatforms) = preSolution
		Debug|Any CPU = Debug|Any CPU
		Release|Any CPU = Release|Any CPU
	EndGlobalSection
	GlobalSection(ProjectConfigurationPlatforms) = postSolution
		{D95B1233-33BF-4E72-BBE8-2CAF91C0EBE1}.Debug|Any CPU.ActiveCfg = Debug|Any CPU
		{D95B1233-33BF-4E72-BBE8-2CAF91C0EBE1}.Debug|Any CPU.Build.0 = Debug|Any CPU
		{D95B1233-33BF-4E72-BBE8-2CAF91C0EBE1}.Release|Any CPU.ActiveCfg = Release|Any CPU
		{D95B1233-33BF-4E72-BBE8-2CAF91C0EBE1}.Release|Any CPU.Build.0 = Release|Any CPU
		{287E3C41-1F88-4A24-B6D6-DA932DE182A5}.Debug|Any CPU.ActiveCfg = Debug|Any CPU
		{287E3C41-1F88-4A24-B6D6-DA932DE182A5}.Debug|Any CPU.Build.0 = Debug|Any CPU
		{287E3C41-1F88-4A24-B6D6-DA932DE182A5}.Release|Any CPU.ActiveCfg = Release|Any CPU
		{287E3C41-1F88-4A24-B6D6-DA932DE182A5}.Release|Any CPU.Build.0 = Release|Any CPU
		{FC57AAAA-52AD-4B87-9C01-5C9EF1142553}.Debug|Any CPU.ActiveCfg = Debug|Any CPU
		{FC57AAAA-52AD-4B87-9C01-5C9EF1142553}.Debug|Any CPU.Build.0 = Debug|Any CPU
		{FC57AAAA-52AD-4B87-9C01-5C9EF1142553}.Release|Any CPU.ActiveCfg = Release|Any CPU
		{FC57AAAA-52AD-4B87-9C01-5C9EF1142553}.Release|Any CPU.Build.0 = Release|Any CPU
		{8622D714-7213-4955-9C11-5BDFA11EFB47}.Debug|Any CPU.ActiveCfg = Debug|Any CPU
		{8622D714-7213-4955-9C11-5BDFA11EFB47}.Debug|Any CPU.Build.0 = Debug|Any CPU
		{8622D714-7213-4955-9C11-5BDFA11EFB47}.Release|Any CPU.ActiveCfg = Release|Any CPU
		{8622D714-7213-4955-9C11-5BDFA11EFB47}.Release|Any CPU.Build.0 = Release|Any CPU
		{A788D2DB-AB4B-4DA2-BA1C-6FDC886DFB8C}.Debug|Any CPU.ActiveCfg = Debug|Any CPU
		{A788D2DB-AB4B-4DA2-BA1C-6FDC886DFB8C}.Debug|Any CPU.Build.0 = Debug|Any CPU
		{A788D2DB-AB4B-4DA2-BA1C-6FDC886DFB8C}.Release|Any CPU.ActiveCfg = Release|Any CPU
		{A788D2DB-AB4B-4DA2-BA1C-6FDC886DFB8C}.Release|Any CPU.Build.0 = Release|Any CPU
	EndGlobalSection
	GlobalSection(SolutionProperties) = preSolution
		HideSolutionNode = FALSE
	EndGlobalSection
	GlobalSection(NestedProjects) = preSolution
		{F9681F6C-A3F3-4CAA-A2D0-4B88846F3005} = {D5BEF3D3-3BA4-4C3D-B231-50AA66154E85}
		{73E3944C-AAA1-4FEB-A7FC-8816917BDEEA} = {D5BEF3D3-3BA4-4C3D-B231-50AA66154E85}
	EndGlobalSection
	GlobalSection(ExtensibilityGlobals) = postSolution
		SolutionGuid = {FDFD7244-A2B9-470F-B67B-AABDA43B5877}
	EndGlobalSection
EndGlobal
